
Microsoft Visual Studio Solution File, Format Version 12.00
# Visual Studio Version 17
VisualStudioVersion = 17.6.33723.286
MinimumVisualStudioVersion = 10.0.40219.1
Project("{8BC9CEB8-8B4A-11D0-8D11-00A0C91BC942}") = "LessonDesign", "LessonDesign.vcxproj", "{87034F46-8B1F-4604-9DD4-9D598074D012}"
EndProject
Project("{54435603-DBB4-11D2-8724-00A0C9A8B90C}") = "ConsoleMaze3D_1_2", "..\ConsoleMaze3D_1_2\ConsoleMaze3D_1_2.vdproj", "{C8A83920-42FF-4C69-8A0F-B1088828EEAC}"
EndProject
Global
	GlobalSection(SolutionConfigurationPlatforms) = preSolution
		Debug|x64 = Debug|x64
		Debug|x86 = Debug|x86
		Release|x64 = Release|x64
		Release|x86 = Release|x86
	EndGlobalSection
	GlobalSection(ProjectConfigurationPlatforms) = postSolution
		{87034F46-8B1F-4604-9DD4-9D598074D012}.Debug|x64.ActiveCfg = Debug|x64
		{87034F46-8B1F-4604-9DD4-9D598074D012}.Debug|x64.Build.0 = Debug|x64
		{87034F46-8B1F-4604-9DD4-9D598074D012}.Debug|x86.ActiveCfg = Debug|Win32
		{87034F46-8B1F-4604-9DD4-9D598074D012}.Debug|x86.Build.0 = Debug|Win32
		{87034F46-8B1F-4604-9DD4-9D598074D012}.Release|x64.ActiveCfg = Release|x64
		{87034F46-8B1F-4604-9DD4-9D598074D012}.Release|x64.Build.0 = Release|x64
		{87034F46-8B1F-4604-9DD4-9D598074D012}.Release|x86.ActiveCfg = Release|Win32
		{87034F46-8B1F-4604-9DD4-9D598074D012}.Release|x86.Build.0 = Release|Win32
		{C8A83920-42FF-4C69-8A0F-B1088828EEAC}.Debug|x64.ActiveCfg = Debug
		{C8A83920-42FF-4C69-8A0F-B1088828EEAC}.Debug|x86.ActiveCfg = Debug
		{C8A83920-42FF-4C69-8A0F-B1088828EEAC}.Release|x64.ActiveCfg = Release
		{C8A83920-42FF-4C69-8A0F-B1088828EEAC}.Release|x86.ActiveCfg = Release
	EndGlobalSection
	GlobalSection(SolutionProperties) = preSolution
		HideSolutionNode = FALSE
	EndGlobalSection
	GlobalSection(ExtensibilityGlobals) = postSolution
		SolutionGuid = {CC2417AD-7B1D-4510-946E-406A50565B13}
	EndGlobalSection
EndGlobal
